
Microsoft Visual Studio Solution File, Format Version 11.00
# Visual Studio 2010
Project("{FAE04EC0-301F-11D3-BF4B-00C04F79EFBC}") = "VideoConvert", "VideoConvert\VideoConvert.csproj", "{FE3FCACA-E23A-433A-895F-308CD5723C9D}"
	ProjectSection(ProjectDependencies) = postProject
		{3209AF1D-4762-4960-9DE5-13E90E77EE96} = {3209AF1D-4762-4960-9DE5-13E90E77EE96}
		{FBD3EC1E-47E2-4D2D-81C9-D6506125A09A} = {FBD3EC1E-47E2-4D2D-81C9-D6506125A09A}
		{35FEE02D-C6F3-40AD-9A0D-BE3789513A30} = {35FEE02D-C6F3-40AD-9A0D-BE3789513A30}
		{76293F99-97DB-451B-A965-64D7893F5A9D} = {76293F99-97DB-451B-A965-64D7893F5A9D}
		{8762FBAD-B3B1-4ECF-97EF-AEB634BDD0AC} = {8762FBAD-B3B1-4ECF-97EF-AEB634BDD0AC}
		{435F38C9-9448-4CB0-93A9-AA681B2D73B8} = {435F38C9-9448-4CB0-93A9-AA681B2D73B8}
		{72E591D6-8F83-4D8C-8F67-9C325E623234} = {72E591D6-8F83-4D8C-8F67-9C325E623234}
	EndProjectSection
EndProject
Project("{8BC9CEB8-8B4A-11D0-8D11-00A0C91BC942}") = "AVSInfo", "AVSInfo\AVSInfo.vcxproj", "{35FEE02D-C6F3-40AD-9A0D-BE3789513A30}"
EndProject
Project("{FAE04EC0-301F-11D3-BF4B-00C04F79EFBC}") = "WriteChangeLog", "WriteChangeLog\WriteChangeLog.csproj", "{DAD60783-99FD-46B2-AE45-F9F4E965BEBD}"
EndProject
Project("{FAE04EC0-301F-11D3-BF4B-00C04F79EFBC}") = "CheckBoxTreeViewLibrary", "..\VideoConvertLibraries\CheckBoxTreeViewLibrary\CheckBoxTreeViewLibrary.csproj", "{8762FBAD-B3B1-4ECF-97EF-AEB634BDD0AC}"
EndProject
Project("{FAE04EC0-301F-11D3-BF4B-00C04F79EFBC}") = "ICSharpCode.SharpZLib", "..\VideoConvertLibraries\SharpZipLib\src\ICSharpCode.SharpZLib.csproj", "{0E7413FF-EB9E-4714-ACF2-BE3A6A7B2FFD}"
EndProject
Project("{FAE04EC0-301F-11D3-BF4B-00C04F79EFBC}") = "BDInfo", "..\VideoConvertLibraries\BDInfo\BDInfo\BDInfo.csproj", "{3209AF1D-4762-4960-9DE5-13E90E77EE96}"
EndProject
Project("{FAE04EC0-301F-11D3-BF4B-00C04F79EFBC}") = "DirectShowLib-2008", "..\VideoConvertLibraries\DirectShowLib\src\DirectShowLib-2008.csproj", "{CE009BFA-5EF6-4153-B2A1-2FA79698A9AE}"
EndProject
Project("{FAE04EC0-301F-11D3-BF4B-00C04F79EFBC}") = "log4net.vs2010", "..\VideoConvertLibraries\log4net-1.2.11\src\log4net.vs2010.csproj", "{181FE707-E161-4722-9F38-6AAAB6FAA106}"
EndProject
Project("{FAE04EC0-301F-11D3-BF4B-00C04F79EFBC}") = "WPFToolkit.Extended", "..\VideoConvertLibraries\WPFToolKit\Release\v1.6.0\ExtendedWPFToolkitSolution\Src\WPFToolkit.Extended\WPFToolkit.Extended.csproj", "{72E591D6-8F83-4D8C-8F67-9C325E623234}"
EndProject
Project("{FAE04EC0-301F-11D3-BF4B-00C04F79EFBC}") = "ManagedWinapi", "..\VideoConvertLibraries\ManagedWinapi\ManagedWinapi.csproj", "{FBD3EC1E-47E2-4D2D-81C9-D6506125A09A}"
EndProject
Project("{FAE04EC0-301F-11D3-BF4B-00C04F79EFBC}") = "WPF.Themes", "..\wpfthemes\WPF.Themes\WPF.Themes.csproj", "{CD3CD636-D63E-4BD5-9FE9-2B63DA6F0616}"
EndProject
Project("{FAE04EC0-301F-11D3-BF4B-00C04F79EFBC}") = "Converters", "Converters\Converters.csproj", "{435F38C9-9448-4CB0-93A9-AA681B2D73B8}"
EndProject
Project("{FAE04EC0-301F-11D3-BF4B-00C04F79EFBC}") = "UacUpdater", "UacUpdater\UacUpdater.csproj", "{8B725671-415B-4E4E-9E08-1B8154885D3F}"
EndProject
Project("{FAE04EC0-301F-11D3-BF4B-00C04F79EFBC}") = "UpdateCore", "UpdateCore\UpdateCore.csproj", "{76293F99-97DB-451B-A965-64D7893F5A9D}"
EndProject
Project("{2150E333-8FDC-42A3-9474-1A3956D46DE8}") = "Solution Items", "Solution Items", "{05B2EA74-BCBB-4E08-A489-50FB8E46B756}"
EndProject
Global
	GlobalSection(SolutionConfigurationPlatforms) = preSolution
		Debug 2|Any CPU = Debug 2|Any CPU
		Debug 2|Mixed Platforms = Debug 2|Mixed Platforms
		Debug 2|Win32 = Debug 2|Win32
		Debug 2|x86 = Debug 2|x86
		Debug|Any CPU = Debug|Any CPU
		Debug|Mixed Platforms = Debug|Mixed Platforms
		Debug|Win32 = Debug|Win32
		Debug|x86 = Debug|x86
		Release|Any CPU = Release|Any CPU
		Release|Mixed Platforms = Release|Mixed Platforms
		Release|Win32 = Release|Win32
		Release|x86 = Release|x86
	EndGlobalSection
	GlobalSection(ProjectConfigurationPlatforms) = postSolution
		{FE3FCACA-E23A-433A-895F-308CD5723C9D}.Debug 2|Any CPU.ActiveCfg = Debug|x86
		{FE3FCACA-E23A-433A-895F-308CD5723C9D}.Debug 2|Mixed Platforms.ActiveCfg = Debug|x86
		{FE3FCACA-E23A-433A-895F-308CD5723C9D}.Debug 2|Mixed Platforms.Build.0 = Debug|x86
		{FE3FCACA-E23A-433A-895F-308CD5723C9D}.Debug 2|Win32.ActiveCfg = Debug|x86
		{FE3FCACA-E23A-433A-895F-308CD5723C9D}.Debug 2|x86.ActiveCfg = Debug|x86
		{FE3FCACA-E23A-433A-895F-308CD5723C9D}.Debug 2|x86.Build.0 = Debug|x86
		{FE3FCACA-E23A-433A-895F-308CD5723C9D}.Debug|Any CPU.ActiveCfg = Debug|x86
		{FE3FCACA-E23A-433A-895F-308CD5723C9D}.Debug|Mixed Platforms.ActiveCfg = Debug|x86
		{FE3FCACA-E23A-433A-895F-308CD5723C9D}.Debug|Mixed Platforms.Build.0 = Debug|x86
		{FE3FCACA-E23A-433A-895F-308CD5723C9D}.Debug|Win32.ActiveCfg = Debug|x86
		{FE3FCACA-E23A-433A-895F-308CD5723C9D}.Debug|x86.ActiveCfg = Debug|x86
		{FE3FCACA-E23A-433A-895F-308CD5723C9D}.Debug|x86.Build.0 = Debug|x86
		{FE3FCACA-E23A-433A-895F-308CD5723C9D}.Release|Any CPU.ActiveCfg = Release|x86
		{FE3FCACA-E23A-433A-895F-308CD5723C9D}.Release|Mixed Platforms.ActiveCfg = Release|x86
		{FE3FCACA-E23A-433A-895F-308CD5723C9D}.Release|Mixed Platforms.Build.0 = Release|x86
		{FE3FCACA-E23A-433A-895F-308CD5723C9D}.Release|Win32.ActiveCfg = Release|x86
		{FE3FCACA-E23A-433A-895F-308CD5723C9D}.Release|x86.ActiveCfg = Release|x86
		{FE3FCACA-E23A-433A-895F-308CD5723C9D}.Release|x86.Build.0 = Release|x86
		{35FEE02D-C6F3-40AD-9A0D-BE3789513A30}.Debug 2|Any CPU.ActiveCfg = Debug|Win32
		{35FEE02D-C6F3-40AD-9A0D-BE3789513A30}.Debug 2|Mixed Platforms.ActiveCfg = Debug|Win32
		{35FEE02D-C6F3-40AD-9A0D-BE3789513A30}.Debug 2|Mixed Platforms.Build.0 = Debug|Win32
		{35FEE02D-C6F3-40AD-9A0D-BE3789513A30}.Debug 2|Win32.ActiveCfg = Debug|Win32
		{35FEE02D-C6F3-40AD-9A0D-BE3789513A30}.Debug 2|Win32.Build.0 = Debug|Win32
		{35FEE02D-C6F3-40AD-9A0D-BE3789513A30}.Debug 2|x86.ActiveCfg = Debug|Win32
		{35FEE02D-C6F3-40AD-9A0D-BE3789513A30}.Debug|Any CPU.ActiveCfg = Debug|Win32
		{35FEE02D-C6F3-40AD-9A0D-BE3789513A30}.Debug|Mixed Platforms.ActiveCfg = Debug|Win32
		{35FEE02D-C6F3-40AD-9A0D-BE3789513A30}.Debug|Mixed Platforms.Build.0 = Debug|Win32
		{35FEE02D-C6F3-40AD-9A0D-BE3789513A30}.Debug|Win32.ActiveCfg = Debug|Win32
		{35FEE02D-C6F3-40AD-9A0D-BE3789513A30}.Debug|Win32.Build.0 = Debug|Win32
		{35FEE02D-C6F3-40AD-9A0D-BE3789513A30}.Debug|x86.ActiveCfg = Debug|Win32
		{35FEE02D-C6F3-40AD-9A0D-BE3789513A30}.Release|Any CPU.ActiveCfg = Release|Win32
		{35FEE02D-C6F3-40AD-9A0D-BE3789513A30}.Release|Mixed Platforms.ActiveCfg = Release|Win32
		{35FEE02D-C6F3-40AD-9A0D-BE3789513A30}.Release|Mixed Platforms.Build.0 = Release|Win32
		{35FEE02D-C6F3-40AD-9A0D-BE3789513A30}.Release|Win32.ActiveCfg = Release|Win32
		{35FEE02D-C6F3-40AD-9A0D-BE3789513A30}.Release|Win32.Build.0 = Release|Win32
		{35FEE02D-C6F3-40AD-9A0D-BE3789513A30}.Release|x86.ActiveCfg = Release|Win32
		{DAD60783-99FD-46B2-AE45-F9F4E965BEBD}.Debug 2|Any CPU.ActiveCfg = Debug|x86
		{DAD60783-99FD-46B2-AE45-F9F4E965BEBD}.Debug 2|Mixed Platforms.ActiveCfg = Debug|x86
		{DAD60783-99FD-46B2-AE45-F9F4E965BEBD}.Debug 2|Mixed Platforms.Build.0 = Debug|x86
		{DAD60783-99FD-46B2-AE45-F9F4E965BEBD}.Debug 2|Win32.ActiveCfg = Debug|x86
		{DAD60783-99FD-46B2-AE45-F9F4E965BEBD}.Debug 2|x86.ActiveCfg = Debug|x86
		{DAD60783-99FD-46B2-AE45-F9F4E965BEBD}.Debug 2|x86.Build.0 = Debug|x86
		{DAD60783-99FD-46B2-AE45-F9F4E965BEBD}.Debug|Any CPU.ActiveCfg = Debug|x86
		{DAD60783-99FD-46B2-AE45-F9F4E965BEBD}.Debug|Mixed Platforms.ActiveCfg = Debug|x86
		{DAD60783-99FD-46B2-AE45-F9F4E965BEBD}.Debug|Mixed Platforms.Build.0 = Debug|x86
		{DAD60783-99FD-46B2-AE45-F9F4E965BEBD}.Debug|Win32.ActiveCfg = Debug|x86
		{DAD60783-99FD-46B2-AE45-F9F4E965BEBD}.Debug|x86.ActiveCfg = Debug|x86
		{DAD60783-99FD-46B2-AE45-F9F4E965BEBD}.Debug|x86.Build.0 = Debug|x86
		{DAD60783-99FD-46B2-AE45-F9F4E965BEBD}.Release|Any CPU.ActiveCfg = Release|x86
		{DAD60783-99FD-46B2-AE45-F9F4E965BEBD}.Release|Mixed Platforms.ActiveCfg = Release|x86
		{DAD60783-99FD-46B2-AE45-F9F4E965BEBD}.Release|Mixed Platforms.Build.0 = Release|x86
		{DAD60783-99FD-46B2-AE45-F9F4E965BEBD}.Release|Win32.ActiveCfg = Release|x86
		{DAD60783-99FD-46B2-AE45-F9F4E965BEBD}.Release|x86.ActiveCfg = Release|x86
		{DAD60783-99FD-46B2-AE45-F9F4E965BEBD}.Release|x86.Build.0 = Release|x86
		{8762FBAD-B3B1-4ECF-97EF-AEB634BDD0AC}.Debug 2|Any CPU.ActiveCfg = Debug|Any CPU
		{8762FBAD-B3B1-4ECF-97EF-AEB634BDD0AC}.Debug 2|Any CPU.Build.0 = Debug|Any CPU
		{8762FBAD-B3B1-4ECF-97EF-AEB634BDD0AC}.Debug 2|Mixed Platforms.ActiveCfg = Debug|Any CPU
		{8762FBAD-B3B1-4ECF-97EF-AEB634BDD0AC}.Debug 2|Mixed Platforms.Build.0 = Debug|Any CPU
		{8762FBAD-B3B1-4ECF-97EF-AEB634BDD0AC}.Debug 2|Win32.ActiveCfg = Debug|Any CPU
		{8762FBAD-B3B1-4ECF-97EF-AEB634BDD0AC}.Debug 2|x86.ActiveCfg = Debug|Any CPU
		{8762FBAD-B3B1-4ECF-97EF-AEB634BDD0AC}.Debug|Any CPU.ActiveCfg = Debug|Any CPU
		{8762FBAD-B3B1-4ECF-97EF-AEB634BDD0AC}.Debug|Any CPU.Build.0 = Debug|Any CPU
		{8762FBAD-B3B1-4ECF-97EF-AEB634BDD0AC}.Debug|Mixed Platforms.ActiveCfg = Debug|Any CPU
		{8762FBAD-B3B1-4ECF-97EF-AEB634BDD0AC}.Debug|Mixed Platforms.Build.0 = Debug|Any CPU
		{8762FBAD-B3B1-4ECF-97EF-AEB634BDD0AC}.Debug|Win32.ActiveCfg = Debug|Any CPU
		{8762FBAD-B3B1-4ECF-97EF-AEB634BDD0AC}.Debug|x86.ActiveCfg = Debug|Any CPU
		{8762FBAD-B3B1-4ECF-97EF-AEB634BDD0AC}.Release|Any CPU.ActiveCfg = Release|Any CPU
		{8762FBAD-B3B1-4ECF-97EF-AEB634BDD0AC}.Release|Any CPU.Build.0 = Release|Any CPU
		{8762FBAD-B3B1-4ECF-97EF-AEB634BDD0AC}.Release|Mixed Platforms.ActiveCfg = Release|Any CPU
		{8762FBAD-B3B1-4ECF-97EF-AEB634BDD0AC}.Release|Mixed Platforms.Build.0 = Release|Any CPU
		{8762FBAD-B3B1-4ECF-97EF-AEB634BDD0AC}.Release|Win32.ActiveCfg = Release|Any CPU
		{8762FBAD-B3B1-4ECF-97EF-AEB634BDD0AC}.Release|x86.ActiveCfg = Release|Any CPU
		{0E7413FF-EB9E-4714-ACF2-BE3A6A7B2FFD}.Debug 2|Any CPU.ActiveCfg = Debug|Any CPU
		{0E7413FF-EB9E-4714-ACF2-BE3A6A7B2FFD}.Debug 2|Any CPU.Build.0 = Debug|Any CPU
		{0E7413FF-EB9E-4714-ACF2-BE3A6A7B2FFD}.Debug 2|Mixed Platforms.ActiveCfg = Debug|Any CPU
		{0E7413FF-EB9E-4714-ACF2-BE3A6A7B2FFD}.Debug 2|Mixed Platforms.Build.0 = Debug|Any CPU
		{0E7413FF-EB9E-4714-ACF2-BE3A6A7B2FFD}.Debug 2|Win32.ActiveCfg = Debug|Any CPU
		{0E7413FF-EB9E-4714-ACF2-BE3A6A7B2FFD}.Debug 2|x86.ActiveCfg = Debug|Any CPU
		{0E7413FF-EB9E-4714-ACF2-BE3A6A7B2FFD}.Debug|Any CPU.ActiveCfg = Debug|Any CPU
		{0E7413FF-EB9E-4714-ACF2-BE3A6A7B2FFD}.Debug|Any CPU.Build.0 = Debug|Any CPU
		{0E7413FF-EB9E-4714-ACF2-BE3A6A7B2FFD}.Debug|Mixed Platforms.ActiveCfg = Debug|Any CPU
		{0E7413FF-EB9E-4714-ACF2-BE3A6A7B2FFD}.Debug|Mixed Platforms.Build.0 = Debug|Any CPU
		{0E7413FF-EB9E-4714-ACF2-BE3A6A7B2FFD}.Debug|Win32.ActiveCfg = Debug|Any CPU
		{0E7413FF-EB9E-4714-ACF2-BE3A6A7B2FFD}.Debug|x86.ActiveCfg = Debug|Any CPU
		{0E7413FF-EB9E-4714-ACF2-BE3A6A7B2FFD}.Release|Any CPU.ActiveCfg = Release|Any CPU
		{0E7413FF-EB9E-4714-ACF2-BE3A6A7B2FFD}.Release|Any CPU.Build.0 = Release|Any CPU
		{0E7413FF-EB9E-4714-ACF2-BE3A6A7B2FFD}.Release|Mixed Platforms.ActiveCfg = Release|Any CPU
		{0E7413FF-EB9E-4714-ACF2-BE3A6A7B2FFD}.Release|Mixed Platforms.Build.0 = Release|Any CPU
		{0E7413FF-EB9E-4714-ACF2-BE3A6A7B2FFD}.Release|Win32.ActiveCfg = Release|Any CPU
		{0E7413FF-EB9E-4714-ACF2-BE3A6A7B2FFD}.Release|x86.ActiveCfg = Release|Any CPU
		{3209AF1D-4762-4960-9DE5-13E90E77EE96}.Debug 2|Any CPU.ActiveCfg = Debug|Any CPU
		{3209AF1D-4762-4960-9DE5-13E90E77EE96}.Debug 2|Any CPU.Build.0 = Debug|Any CPU
		{3209AF1D-4762-4960-9DE5-13E90E77EE96}.Debug 2|Mixed Platforms.ActiveCfg = Debug|Any CPU
		{3209AF1D-4762-4960-9DE5-13E90E77EE96}.Debug 2|Mixed Platforms.Build.0 = Debug|Any CPU
		{3209AF1D-4762-4960-9DE5-13E90E77EE96}.Debug 2|Win32.ActiveCfg = Debug|Any CPU
		{3209AF1D-4762-4960-9DE5-13E90E77EE96}.Debug 2|x86.ActiveCfg = Debug|Any CPU
		{3209AF1D-4762-4960-9DE5-13E90E77EE96}.Debug|Any CPU.ActiveCfg = Debug|Any CPU
		{3209AF1D-4762-4960-9DE5-13E90E77EE96}.Debug|Any CPU.Build.0 = Debug|Any CPU
		{3209AF1D-4762-4960-9DE5-13E90E77EE96}.Debug|Mixed Platforms.ActiveCfg = Debug|Any CPU
		{3209AF1D-4762-4960-9DE5-13E90E77EE96}.Debug|Mixed Platforms.Build.0 = Debug|Any CPU
		{3209AF1D-4762-4960-9DE5-13E90E77EE96}.Debug|Win32.ActiveCfg = Debug|Any CPU
		{3209AF1D-4762-4960-9DE5-13E90E77EE96}.Debug|x86.ActiveCfg = Debug|Any CPU
		{3209AF1D-4762-4960-9DE5-13E90E77EE96}.Release|Any CPU.ActiveCfg = Release|Any CPU
		{3209AF1D-4762-4960-9DE5-13E90E77EE96}.Release|Any CPU.Build.0 = Release|Any CPU
		{3209AF1D-4762-4960-9DE5-13E90E77EE96}.Release|Mixed Platforms.ActiveCfg = Release|Any CPU
		{3209AF1D-4762-4960-9DE5-13E90E77EE96}.Release|Mixed Platforms.Build.0 = Release|Any CPU
		{3209AF1D-4762-4960-9DE5-13E90E77EE96}.Release|Win32.ActiveCfg = Release|Any CPU
		{3209AF1D-4762-4960-9DE5-13E90E77EE96}.Release|x86.ActiveCfg = Release|Any CPU
		{CE009BFA-5EF6-4153-B2A1-2FA79698A9AE}.Debug 2|Any CPU.ActiveCfg = Debug|Any CPU
		{CE009BFA-5EF6-4153-B2A1-2FA79698A9AE}.Debug 2|Any CPU.Build.0 = Debug|Any CPU
		{CE009BFA-5EF6-4153-B2A1-2FA79698A9AE}.Debug 2|Mixed Platforms.ActiveCfg = Debug|Any CPU
		{CE009BFA-5EF6-4153-B2A1-2FA79698A9AE}.Debug 2|Mixed Platforms.Build.0 = Debug|Any CPU
		{CE009BFA-5EF6-4153-B2A1-2FA79698A9AE}.Debug 2|Win32.ActiveCfg = Debug|Any CPU
		{CE009BFA-5EF6-4153-B2A1-2FA79698A9AE}.Debug 2|x86.ActiveCfg = Debug|Any CPU
		{CE009BFA-5EF6-4153-B2A1-2FA79698A9AE}.Debug|Any CPU.ActiveCfg = Debug|Any CPU
		{CE009BFA-5EF6-4153-B2A1-2FA79698A9AE}.Debug|Any CPU.Build.0 = Debug|Any CPU
		{CE009BFA-5EF6-4153-B2A1-2FA79698A9AE}.Debug|Mixed Platforms.ActiveCfg = Debug|Any CPU
		{CE009BFA-5EF6-4153-B2A1-2FA79698A9AE}.Debug|Mixed Platforms.Build.0 = Debug|Any CPU
		{CE009BFA-5EF6-4153-B2A1-2FA79698A9AE}.Debug|Win32.ActiveCfg = Debug|Any CPU
		{CE009BFA-5EF6-4153-B2A1-2FA79698A9AE}.Debug|x86.ActiveCfg = Debug|Any CPU
		{CE009BFA-5EF6-4153-B2A1-2FA79698A9AE}.Release|Any CPU.ActiveCfg = Release|Any CPU
		{CE009BFA-5EF6-4153-B2A1-2FA79698A9AE}.Release|Any CPU.Build.0 = Release|Any CPU
		{CE009BFA-5EF6-4153-B2A1-2FA79698A9AE}.Release|Mixed Platforms.ActiveCfg = Release|Any CPU
		{CE009BFA-5EF6-4153-B2A1-2FA79698A9AE}.Release|Mixed Platforms.Build.0 = Release|Any CPU
		{CE009BFA-5EF6-4153-B2A1-2FA79698A9AE}.Release|Win32.ActiveCfg = Release|Any CPU
		{CE009BFA-5EF6-4153-B2A1-2FA79698A9AE}.Release|x86.ActiveCfg = Release|Any CPU
		{181FE707-E161-4722-9F38-6AAAB6FAA106}.Debug 2|Any CPU.ActiveCfg = Debug|Any CPU
		{181FE707-E161-4722-9F38-6AAAB6FAA106}.Debug 2|Any CPU.Build.0 = Debug|Any CPU
		{181FE707-E161-4722-9F38-6AAAB6FAA106}.Debug 2|Mixed Platforms.ActiveCfg = Debug|Any CPU
		{181FE707-E161-4722-9F38-6AAAB6FAA106}.Debug 2|Mixed Platforms.Build.0 = Debug|Any CPU
		{181FE707-E161-4722-9F38-6AAAB6FAA106}.Debug 2|Win32.ActiveCfg = Debug|Any CPU
		{181FE707-E161-4722-9F38-6AAAB6FAA106}.Debug 2|x86.ActiveCfg = Debug|Any CPU
		{181FE707-E161-4722-9F38-6AAAB6FAA106}.Debug|Any CPU.ActiveCfg = Debug|Any CPU
		{181FE707-E161-4722-9F38-6AAAB6FAA106}.Debug|Any CPU.Build.0 = Debug|Any CPU
		{181FE707-E161-4722-9F38-6AAAB6FAA106}.Debug|Mixed Platforms.ActiveCfg = Debug|Any CPU
		{181FE707-E161-4722-9F38-6AAAB6FAA106}.Debug|Mixed Platforms.Build.0 = Debug|Any CPU
		{181FE707-E161-4722-9F38-6AAAB6FAA106}.Debug|Win32.ActiveCfg = Debug|Any CPU
		{181FE707-E161-4722-9F38-6AAAB6FAA106}.Debug|x86.ActiveCfg = Debug|Any CPU
		{181FE707-E161-4722-9F38-6AAAB6FAA106}.Release|Any CPU.ActiveCfg = Release|Any CPU
		{181FE707-E161-4722-9F38-6AAAB6FAA106}.Release|Any CPU.Build.0 = Release|Any CPU
		{181FE707-E161-4722-9F38-6AAAB6FAA106}.Release|Mixed Platforms.ActiveCfg = Release|Any CPU
		{181FE707-E161-4722-9F38-6AAAB6FAA106}.Release|Mixed Platforms.Build.0 = Release|Any CPU
		{181FE707-E161-4722-9F38-6AAAB6FAA106}.Release|Win32.ActiveCfg = Release|Any CPU
		{181FE707-E161-4722-9F38-6AAAB6FAA106}.Release|x86.ActiveCfg = Release|Any CPU
		{72E591D6-8F83-4D8C-8F67-9C325E623234}.Debug 2|Any CPU.ActiveCfg = Debug|Any CPU
		{72E591D6-8F83-4D8C-8F67-9C325E623234}.Debug 2|Any CPU.Build.0 = Debug|Any CPU
		{72E591D6-8F83-4D8C-8F67-9C325E623234}.Debug 2|Mixed Platforms.ActiveCfg = Debug|Any CPU
		{72E591D6-8F83-4D8C-8F67-9C325E623234}.Debug 2|Mixed Platforms.Build.0 = Debug|Any CPU
		{72E591D6-8F83-4D8C-8F67-9C325E623234}.Debug 2|Win32.ActiveCfg = Debug|Any CPU
		{72E591D6-8F83-4D8C-8F67-9C325E623234}.Debug 2|x86.ActiveCfg = Debug|Any CPU
		{72E591D6-8F83-4D8C-8F67-9C325E623234}.Debug|Any CPU.ActiveCfg = Debug|Any CPU
		{72E591D6-8F83-4D8C-8F67-9C325E623234}.Debug|Any CPU.Build.0 = Debug|Any CPU
		{72E591D6-8F83-4D8C-8F67-9C325E623234}.Debug|Mixed Platforms.ActiveCfg = Debug|Any CPU
		{72E591D6-8F83-4D8C-8F67-9C325E623234}.Debug|Mixed Platforms.Build.0 = Debug|Any CPU
		{72E591D6-8F83-4D8C-8F67-9C325E623234}.Debug|Win32.ActiveCfg = Debug|Any CPU
		{72E591D6-8F83-4D8C-8F67-9C325E623234}.Debug|x86.ActiveCfg = Debug|Any CPU
		{72E591D6-8F83-4D8C-8F67-9C325E623234}.Release|Any CPU.ActiveCfg = Release|Any CPU
		{72E591D6-8F83-4D8C-8F67-9C325E623234}.Release|Any CPU.Build.0 = Release|Any CPU
		{72E591D6-8F83-4D8C-8F67-9C325E623234}.Release|Mixed Platforms.ActiveCfg = Release|Any CPU
		{72E591D6-8F83-4D8C-8F67-9C325E623234}.Release|Mixed Platforms.Build.0 = Release|Any CPU
		{72E591D6-8F83-4D8C-8F67-9C325E623234}.Release|Win32.ActiveCfg = Release|Any CPU
		{72E591D6-8F83-4D8C-8F67-9C325E623234}.Release|x86.ActiveCfg = Release|Any CPU
		{FBD3EC1E-47E2-4D2D-81C9-D6506125A09A}.Debug 2|Any CPU.ActiveCfg = Debug|Any CPU
		{FBD3EC1E-47E2-4D2D-81C9-D6506125A09A}.Debug 2|Any CPU.Build.0 = Debug|Any CPU
		{FBD3EC1E-47E2-4D2D-81C9-D6506125A09A}.Debug 2|Mixed Platforms.ActiveCfg = Debug|Any CPU
		{FBD3EC1E-47E2-4D2D-81C9-D6506125A09A}.Debug 2|Mixed Platforms.Build.0 = Debug|Any CPU
		{FBD3EC1E-47E2-4D2D-81C9-D6506125A09A}.Debug 2|Win32.ActiveCfg = Debug|Any CPU
		{FBD3EC1E-47E2-4D2D-81C9-D6506125A09A}.Debug 2|x86.ActiveCfg = Debug|Any CPU
		{FBD3EC1E-47E2-4D2D-81C9-D6506125A09A}.Debug|Any CPU.ActiveCfg = Debug|Any CPU
		{FBD3EC1E-47E2-4D2D-81C9-D6506125A09A}.Debug|Any CPU.Build.0 = Debug|Any CPU
		{FBD3EC1E-47E2-4D2D-81C9-D6506125A09A}.Debug|Mixed Platforms.ActiveCfg = Debug|Any CPU
		{FBD3EC1E-47E2-4D2D-81C9-D6506125A09A}.Debug|Mixed Platforms.Build.0 = Debug|Any CPU
		{FBD3EC1E-47E2-4D2D-81C9-D6506125A09A}.Debug|Win32.ActiveCfg = Debug|Any CPU
		{FBD3EC1E-47E2-4D2D-81C9-D6506125A09A}.Debug|x86.ActiveCfg = Debug|Any CPU
		{FBD3EC1E-47E2-4D2D-81C9-D6506125A09A}.Release|Any CPU.ActiveCfg = Release|Any CPU
		{FBD3EC1E-47E2-4D2D-81C9-D6506125A09A}.Release|Any CPU.Build.0 = Release|Any CPU
		{FBD3EC1E-47E2-4D2D-81C9-D6506125A09A}.Release|Mixed Platforms.ActiveCfg = Release|Any CPU
		{FBD3EC1E-47E2-4D2D-81C9-D6506125A09A}.Release|Mixed Platforms.Build.0 = Release|Any CPU
		{FBD3EC1E-47E2-4D2D-81C9-D6506125A09A}.Release|Win32.ActiveCfg = Release|Any CPU
		{FBD3EC1E-47E2-4D2D-81C9-D6506125A09A}.Release|x86.ActiveCfg = Release|Any CPU
		{CD3CD636-D63E-4BD5-9FE9-2B63DA6F0616}.Debug 2|Any CPU.ActiveCfg = Debug|Any CPU
		{CD3CD636-D63E-4BD5-9FE9-2B63DA6F0616}.Debug 2|Any CPU.Build.0 = Debug|Any CPU
		{CD3CD636-D63E-4BD5-9FE9-2B63DA6F0616}.Debug 2|Mixed Platforms.ActiveCfg = Debug|Any CPU
		{CD3CD636-D63E-4BD5-9FE9-2B63DA6F0616}.Debug 2|Mixed Platforms.Build.0 = Debug|Any CPU
		{CD3CD636-D63E-4BD5-9FE9-2B63DA6F0616}.Debug 2|Win32.ActiveCfg = Debug|Any CPU
		{CD3CD636-D63E-4BD5-9FE9-2B63DA6F0616}.Debug 2|x86.ActiveCfg = Debug|Any CPU
		{CD3CD636-D63E-4BD5-9FE9-2B63DA6F0616}.Debug|Any CPU.ActiveCfg = Debug|Any CPU
		{CD3CD636-D63E-4BD5-9FE9-2B63DA6F0616}.Debug|Any CPU.Build.0 = Debug|Any CPU
		{CD3CD636-D63E-4BD5-9FE9-2B63DA6F0616}.Debug|Mixed Platforms.ActiveCfg = Debug|Any CPU
		{CD3CD636-D63E-4BD5-9FE9-2B63DA6F0616}.Debug|Mixed Platforms.Build.0 = Debug|Any CPU
		{CD3CD636-D63E-4BD5-9FE9-2B63DA6F0616}.Debug|Win32.ActiveCfg = Debug|Any CPU
		{CD3CD636-D63E-4BD5-9FE9-2B63DA6F0616}.Debug|x86.ActiveCfg = Debug|Any CPU
		{CD3CD636-D63E-4BD5-9FE9-2B63DA6F0616}.Release|Any CPU.ActiveCfg = Release|Any CPU
		{CD3CD636-D63E-4BD5-9FE9-2B63DA6F0616}.Release|Any CPU.Build.0 = Release|Any CPU
		{CD3CD636-D63E-4BD5-9FE9-2B63DA6F0616}.Release|Mixed Platforms.ActiveCfg = Release|Any CPU
		{CD3CD636-D63E-4BD5-9FE9-2B63DA6F0616}.Release|Mixed Platforms.Build.0 = Release|Any CPU
		{CD3CD636-D63E-4BD5-9FE9-2B63DA6F0616}.Release|Win32.ActiveCfg = Release|Any CPU
		{CD3CD636-D63E-4BD5-9FE9-2B63DA6F0616}.Release|x86.ActiveCfg = Release|Any CPU
		{435F38C9-9448-4CB0-93A9-AA681B2D73B8}.Debug 2|Any CPU.ActiveCfg = Debug|Any CPU
		{435F38C9-9448-4CB0-93A9-AA681B2D73B8}.Debug 2|Any CPU.Build.0 = Debug|Any CPU
		{435F38C9-9448-4CB0-93A9-AA681B2D73B8}.Debug 2|Mixed Platforms.ActiveCfg = Debug|Any CPU
		{435F38C9-9448-4CB0-93A9-AA681B2D73B8}.Debug 2|Mixed Platforms.Build.0 = Debug|Any CPU
		{435F38C9-9448-4CB0-93A9-AA681B2D73B8}.Debug 2|Win32.ActiveCfg = Debug|Any CPU
		{435F38C9-9448-4CB0-93A9-AA681B2D73B8}.Debug 2|x86.ActiveCfg = Debug|Any CPU
		{435F38C9-9448-4CB0-93A9-AA681B2D73B8}.Debug|Any CPU.ActiveCfg = Debug|Any CPU
		{435F38C9-9448-4CB0-93A9-AA681B2D73B8}.Debug|Any CPU.Build.0 = Debug|Any CPU
		{435F38C9-9448-4CB0-93A9-AA681B2D73B8}.Debug|Mixed Platforms.ActiveCfg = Debug|Any CPU
		{435F38C9-9448-4CB0-93A9-AA681B2D73B8}.Debug|Mixed Platforms.Build.0 = Debug|Any CPU
		{435F38C9-9448-4CB0-93A9-AA681B2D73B8}.Debug|Win32.ActiveCfg = Debug|Any CPU
		{435F38C9-9448-4CB0-93A9-AA681B2D73B8}.Debug|x86.ActiveCfg = Debug|Any CPU
		{435F38C9-9448-4CB0-93A9-AA681B2D73B8}.Release|Any CPU.ActiveCfg = Release|Any CPU
		{435F38C9-9448-4CB0-93A9-AA681B2D73B8}.Release|Any CPU.Build.0 = Release|Any CPU
		{435F38C9-9448-4CB0-93A9-AA681B2D73B8}.Release|Mixed Platforms.ActiveCfg = Release|Any CPU
		{435F38C9-9448-4CB0-93A9-AA681B2D73B8}.Release|Mixed Platforms.Build.0 = Release|Any CPU
		{435F38C9-9448-4CB0-93A9-AA681B2D73B8}.Release|Win32.ActiveCfg = Release|Any CPU
		{435F38C9-9448-4CB0-93A9-AA681B2D73B8}.Release|x86.ActiveCfg = Release|Any CPU
		{8B725671-415B-4E4E-9E08-1B8154885D3F}.Debug 2|Any CPU.ActiveCfg = Debug|x86
		{8B725671-415B-4E4E-9E08-1B8154885D3F}.Debug 2|Mixed Platforms.ActiveCfg = Debug|x86
		{8B725671-415B-4E4E-9E08-1B8154885D3F}.Debug 2|Mixed Platforms.Build.0 = Debug|x86
		{8B725671-415B-4E4E-9E08-1B8154885D3F}.Debug 2|Win32.ActiveCfg = Debug|x86
		{8B725671-415B-4E4E-9E08-1B8154885D3F}.Debug 2|x86.ActiveCfg = Debug|x86
		{8B725671-415B-4E4E-9E08-1B8154885D3F}.Debug 2|x86.Build.0 = Debug|x86
		{8B725671-415B-4E4E-9E08-1B8154885D3F}.Debug|Any CPU.ActiveCfg = Debug|x86
		{8B725671-415B-4E4E-9E08-1B8154885D3F}.Debug|Mixed Platforms.ActiveCfg = Debug|x86
		{8B725671-415B-4E4E-9E08-1B8154885D3F}.Debug|Mixed Platforms.Build.0 = Debug|x86
		{8B725671-415B-4E4E-9E08-1B8154885D3F}.Debug|Win32.ActiveCfg = Debug|x86
		{8B725671-415B-4E4E-9E08-1B8154885D3F}.Debug|x86.ActiveCfg = Debug|x86
		{8B725671-415B-4E4E-9E08-1B8154885D3F}.Debug|x86.Build.0 = Debug|x86
		{8B725671-415B-4E4E-9E08-1B8154885D3F}.Release|Any CPU.ActiveCfg = Release|x86
		{8B725671-415B-4E4E-9E08-1B8154885D3F}.Release|Mixed Platforms.ActiveCfg = Release|x86
		{8B725671-415B-4E4E-9E08-1B8154885D3F}.Release|Mixed Platforms.Build.0 = Release|x86
		{8B725671-415B-4E4E-9E08-1B8154885D3F}.Release|Win32.ActiveCfg = Release|x86
		{8B725671-415B-4E4E-9E08-1B8154885D3F}.Release|x86.ActiveCfg = Release|x86
		{8B725671-415B-4E4E-9E08-1B8154885D3F}.Release|x86.Build.0 = Release|x86
		{76293F99-97DB-451B-A965-64D7893F5A9D}.Debug 2|Any CPU.ActiveCfg = Debug|Any CPU
		{76293F99-97DB-451B-A965-64D7893F5A9D}.Debug 2|Any CPU.Build.0 = Debug|Any CPU
		{76293F99-97DB-451B-A965-64D7893F5A9D}.Debug 2|Mixed Platforms.ActiveCfg = Debug|Any CPU
		{76293F99-97DB-451B-A965-64D7893F5A9D}.Debug 2|Mixed Platforms.Build.0 = Debug|Any CPU
		{76293F99-97DB-451B-A965-64D7893F5A9D}.Debug 2|Win32.ActiveCfg = Debug|Any CPU
		{76293F99-97DB-451B-A965-64D7893F5A9D}.Debug 2|x86.ActiveCfg = Debug|Any CPU
		{76293F99-97DB-451B-A965-64D7893F5A9D}.Debug|Any CPU.ActiveCfg = Debug|Any CPU
		{76293F99-97DB-451B-A965-64D7893F5A9D}.Debug|Any CPU.Build.0 = Debug|Any CPU
		{76293F99-97DB-451B-A965-64D7893F5A9D}.Debug|Mixed Platforms.ActiveCfg = Debug|Any CPU
		{76293F99-97DB-451B-A965-64D7893F5A9D}.Debug|Mixed Platforms.Build.0 = Debug|Any CPU
		{76293F99-97DB-451B-A965-64D7893F5A9D}.Debug|Win32.ActiveCfg = Debug|Any CPU
		{76293F99-97DB-451B-A965-64D7893F5A9D}.Debug|x86.ActiveCfg = Debug|Any CPU
		{76293F99-97DB-451B-A965-64D7893F5A9D}.Release|Any CPU.ActiveCfg = Release|Any CPU
		{76293F99-97DB-451B-A965-64D7893F5A9D}.Release|Any CPU.Build.0 = Release|Any CPU
		{76293F99-97DB-451B-A965-64D7893F5A9D}.Release|Mixed Platforms.ActiveCfg = Release|Any CPU
		{76293F99-97DB-451B-A965-64D7893F5A9D}.Release|Mixed Platforms.Build.0 = Release|Any CPU
		{76293F99-97DB-451B-A965-64D7893F5A9D}.Release|Win32.ActiveCfg = Release|Any CPU
		{76293F99-97DB-451B-A965-64D7893F5A9D}.Release|x86.ActiveCfg = Release|Any CPU
	EndGlobalSection
	GlobalSection(SolutionProperties) = preSolution
		HideSolutionNode = FALSE
	EndGlobalSection
EndGlobal
